
Microsoft Visual Studio Solution File, Format Version 12.00
# Visual Studio 15
VisualStudioVersion = 15.0.28307.572
MinimumVisualStudioVersion = 10.0.40219.1
Project("{E24C65DC-7377-472B-9ABA-BC803B73C61A}") = "websitetarea", "websitetarea\", "{F1A2BB55-BC38-4DFC-84A1-E05F15F2DD5F}"
	ProjectSection(WebsiteProperties) = preProject
		TargetFrameworkMoniker = ".NETFramework,Version%3Dv4.6.1"
		Debug.AspNetCompiler.VirtualPath = "/localhost_60925"
		Debug.AspNetCompiler.PhysicalPath = "websitetarea\"
		Debug.AspNetCompiler.TargetPath = "PrecompiledWeb\localhost_60925\"
		Debug.AspNetCompiler.Updateable = "true"
		Debug.AspNetCompiler.ForceOverwrite = "true"
		Debug.AspNetCompiler.FixedNames = "false"
		Debug.AspNetCompiler.Debug = "True"
		Release.AspNetCompiler.VirtualPath = "/localhost_60925"
		Release.AspNetCompiler.PhysicalPath = "websitetarea\"
		Release.AspNetCompiler.TargetPath = "PrecompiledWeb\localhost_60925\"
		Release.AspNetCompiler.Updateable = "true"
		Release.AspNetCompiler.ForceOverwrite = "true"
		Release.AspNetCompiler.FixedNames = "false"
		Release.AspNetCompiler.Debug = "False"
		VWDPort = "60925"
		SlnRelativePath = "websitetarea\"
		DefaultWebSiteLanguage = "Visual C#"
	EndProjectSection
EndProject
Project("{E24C65DC-7377-472B-9ABA-BC803B73C61A}") = "websitetareajsonserver", "websitetareajsonserver\", "{6ACC8664-C41B-4D2A-A662-8C9566FE8C4C}"
	ProjectSection(WebsiteProperties) = preProject
		TargetFrameworkMoniker = ".NETFramework,Version%3Dv4.6.1"
		Debug.AspNetCompiler.VirtualPath = "/localhost_61468"
		Debug.AspNetCompiler.PhysicalPath = "websitetareajsonserver\"
		Debug.AspNetCompiler.TargetPath = "PrecompiledWeb\localhost_61468\"
		Debug.AspNetCompiler.Updateable = "true"
		Debug.AspNetCompiler.ForceOverwrite = "true"
		Debug.AspNetCompiler.FixedNames = "false"
		Debug.AspNetCompiler.Debug = "True"
		Release.AspNetCompiler.VirtualPath = "/localhost_61468"
		Release.AspNetCompiler.PhysicalPath = "websitetareajsonserver\"
		Release.AspNetCompiler.TargetPath = "PrecompiledWeb\localhost_61468\"
		Release.AspNetCompiler.Updateable = "true"
		Release.AspNetCompiler.ForceOverwrite = "true"
		Release.AspNetCompiler.FixedNames = "false"
		Release.AspNetCompiler.Debug = "False"
		VWDPort = "61468"
		SlnRelativePath = "websitetareajsonserver\"
		DefaultWebSiteLanguage = "Visual C#"
	EndProjectSection
EndProject
Global
	GlobalSection(SolutionConfigurationPlatforms) = preSolution
		Debug|Any CPU = Debug|Any CPU
	EndGlobalSection
	GlobalSection(ProjectConfigurationPlatforms) = postSolution
		{F1A2BB55-BC38-4DFC-84A1-E05F15F2DD5F}.Debug|Any CPU.ActiveCfg = Debug|Any CPU
		{F1A2BB55-BC38-4DFC-84A1-E05F15F2DD5F}.Debug|Any CPU.Build.0 = Debug|Any CPU
		{6ACC8664-C41B-4D2A-A662-8C9566FE8C4C}.Debug|Any CPU.ActiveCfg = Debug|Any CPU
		{6ACC8664-C41B-4D2A-A662-8C9566FE8C4C}.Debug|Any CPU.Build.0 = Debug|Any CPU
	EndGlobalSection
	GlobalSection(SolutionProperties) = preSolution
		HideSolutionNode = FALSE
	EndGlobalSection
	GlobalSection(ExtensibilityGlobals) = postSolution
		SolutionGuid = {690D9ECF-3407-47F5-9CDB-87F0E0EDB980}
	EndGlobalSection
EndGlobal
